// !$*UTF8*$!
{
	archiveVersion = 1;
	classes = {
	};
	objectVersion = 51;
	objects = {

/* Begin PBXBuildFile section */
		9D175E8EA5F20B282F06A64C /* Pods_Echo_chat.framework in Frameworks */ = {isa = PBXBuildFile; fileRef = 561ED4C9F256DE2801AC73E7 /* Pods_Echo_chat.framework */; };
		AF75D0DF24EE592000E0F203 /* AppDelegate.swift in Sources */ = {isa = PBXBuildFile; fileRef = AF75D0DE24EE592000E0F203 /* AppDelegate.swift */; };
		AF75D0E124EE592000E0F203 /* SceneDelegate.swift in Sources */ = {isa = PBXBuildFile; fileRef = AF75D0E024EE592000E0F203 /* SceneDelegate.swift */; };
		AF75D0E624EE592000E0F203 /* Main.storyboard in Resources */ = {isa = PBXBuildFile; fileRef = AF75D0E424EE592000E0F203 /* Main.storyboard */; };
		AF75D0E924EE592000E0F203 /* Echo_chat.xcdatamodeld in Sources */ = {isa = PBXBuildFile; fileRef = AF75D0E724EE592000E0F203 /* Echo_chat.xcdatamodeld */; };
		AF75D0EB24EE592100E0F203 /* Assets.xcassets in Resources */ = {isa = PBXBuildFile; fileRef = AF75D0EA24EE592100E0F203 /* Assets.xcassets */; };
		AF75D0EE24EE592100E0F203 /* LaunchScreen.storyboard in Resources */ = {isa = PBXBuildFile; fileRef = AF75D0EC24EE592100E0F203 /* LaunchScreen.storyboard */; };
		AF75D10024EE778400E0F203 /* FriendsListCell.swift in Sources */ = {isa = PBXBuildFile; fileRef = AF75D0FF24EE778400E0F203 /* FriendsListCell.swift */; };
		AF75D10224EE98EC00E0F203 /* FriendsListCell.xib in Resources */ = {isa = PBXBuildFile; fileRef = AF75D10124EE98EC00E0F203 /* FriendsListCell.xib */; };
		AF75D10524EE9B0D00E0F203 /* MessagesViewModel.swift in Sources */ = {isa = PBXBuildFile; fileRef = AF75D10424EE9B0D00E0F203 /* MessagesViewModel.swift */; };
		AF75D10A24EE9C1F00E0F203 /* AppColors.swift in Sources */ = {isa = PBXBuildFile; fileRef = AF75D10924EE9C1F00E0F203 /* AppColors.swift */; };
		AF75D10C24EE9E8900E0F203 /* AppFonts.swift in Sources */ = {isa = PBXBuildFile; fileRef = AF75D10B24EE9E8900E0F203 /* AppFonts.swift */; };
		AF75D10E24EE9EF300E0F203 /* Constants.swift in Sources */ = {isa = PBXBuildFile; fileRef = AF75D10D24EE9EF300E0F203 /* Constants.swift */; };
		AF75D11124EEA0B800E0F203 /* BaseViewController.swift in Sources */ = {isa = PBXBuildFile; fileRef = AF75D11024EEA0B800E0F203 /* BaseViewController.swift */; };
		AF75D11424EEC4DA00E0F203 /* MessagesViewController.swift in Sources */ = {isa = PBXBuildFile; fileRef = AF75D11324EEC4DA00E0F203 /* MessagesViewController.swift */; };
		AF75D12124EFBAF400E0F203 /* Message+CoreDataClass.swift in Sources */ = {isa = PBXBuildFile; fileRef = AF75D11D24EFBAF400E0F203 /* Message+CoreDataClass.swift */; };
		AF75D12224EFBAF400E0F203 /* Message+CoreDataProperties.swift in Sources */ = {isa = PBXBuildFile; fileRef = AF75D11E24EFBAF400E0F203 /* Message+CoreDataProperties.swift */; };
		AF75D12324EFBAF400E0F203 /* Friend+CoreDataClass.swift in Sources */ = {isa = PBXBuildFile; fileRef = AF75D11F24EFBAF400E0F203 /* Friend+CoreDataClass.swift */; };
		AF75D12424EFBAF400E0F203 /* Friend+CoreDataProperties.swift in Sources */ = {isa = PBXBuildFile; fileRef = AF75D12024EFBAF400E0F203 /* Friend+CoreDataProperties.swift */; };
		AFE8655824EFDD3200EE97AD /* DataStore.swift in Sources */ = {isa = PBXBuildFile; fileRef = AFE8655724EFDD3200EE97AD /* DataStore.swift */; };
/* End PBXBuildFile section */

/* Begin PBXFileReference section */
		561ED4C9F256DE2801AC73E7 /* Pods_Echo_chat.framework */ = {isa = PBXFileReference; explicitFileType = wrapper.framework; includeInIndex = 0; path = Pods_Echo_chat.framework; sourceTree = BUILT_PRODUCTS_DIR; };
		5F789101267E03FC2726915F /* Pods-Echo-chat.debug.xcconfig */ = {isa = PBXFileReference; includeInIndex = 1; lastKnownFileType = text.xcconfig; name = "Pods-Echo-chat.debug.xcconfig"; path = "Target Support Files/Pods-Echo-chat/Pods-Echo-chat.debug.xcconfig"; sourceTree = "<group>"; };
		76D655E839B21E9E9FF5FAB5 /* Pods-Echo-chat.release.xcconfig */ = {isa = PBXFileReference; includeInIndex = 1; lastKnownFileType = text.xcconfig; name = "Pods-Echo-chat.release.xcconfig"; path = "Target Support Files/Pods-Echo-chat/Pods-Echo-chat.release.xcconfig"; sourceTree = "<group>"; };
		AF75D0DB24EE592000E0F203 /* Echo-chat.app */ = {isa = PBXFileReference; explicitFileType = wrapper.application; includeInIndex = 0; path = "Echo-chat.app"; sourceTree = BUILT_PRODUCTS_DIR; };
		AF75D0DE24EE592000E0F203 /* AppDelegate.swift */ = {isa = PBXFileReference; lastKnownFileType = sourcecode.swift; path = AppDelegate.swift; sourceTree = "<group>"; };
		AF75D0E024EE592000E0F203 /* SceneDelegate.swift */ = {isa = PBXFileReference; lastKnownFileType = sourcecode.swift; path = SceneDelegate.swift; sourceTree = "<group>"; };
		AF75D0E524EE592000E0F203 /* Base */ = {isa = PBXFileReference; lastKnownFileType = file.storyboard; name = Base; path = Base.lproj/Main.storyboard; sourceTree = "<group>"; };
		AF75D0E824EE592000E0F203 /* Echo_chat.xcdatamodel */ = {isa = PBXFileReference; lastKnownFileType = wrapper.xcdatamodel; path = Echo_chat.xcdatamodel; sourceTree = "<group>"; };
		AF75D0EA24EE592100E0F203 /* Assets.xcassets */ = {isa = PBXFileReference; lastKnownFileType = folder.assetcatalog; path = Assets.xcassets; sourceTree = "<group>"; };
		AF75D0ED24EE592100E0F203 /* Base */ = {isa = PBXFileReference; lastKnownFileType = file.storyboard; name = Base; path = Base.lproj/LaunchScreen.storyboard; sourceTree = "<group>"; };
		AF75D0EF24EE592100E0F203 /* Info.plist */ = {isa = PBXFileReference; lastKnownFileType = text.plist.xml; path = Info.plist; sourceTree = "<group>"; };
		AF75D0FF24EE778400E0F203 /* FriendsListCell.swift */ = {isa = PBXFileReference; lastKnownFileType = sourcecode.swift; path = FriendsListCell.swift; sourceTree = "<group>"; };
		AF75D10124EE98EC00E0F203 /* FriendsListCell.xib */ = {isa = PBXFileReference; lastKnownFileType = file.xib; path = FriendsListCell.xib; sourceTree = "<group>"; };
		AF75D10424EE9B0D00E0F203 /* MessagesViewModel.swift */ = {isa = PBXFileReference; lastKnownFileType = sourcecode.swift; path = MessagesViewModel.swift; sourceTree = "<group>"; };
		AF75D10924EE9C1F00E0F203 /* AppColors.swift */ = {isa = PBXFileReference; lastKnownFileType = sourcecode.swift; path = AppColors.swift; sourceTree = "<group>"; };
		AF75D10B24EE9E8900E0F203 /* AppFonts.swift */ = {isa = PBXFileReference; lastKnownFileType = sourcecode.swift; path = AppFonts.swift; sourceTree = "<group>"; };
		AF75D10D24EE9EF300E0F203 /* Constants.swift */ = {isa = PBXFileReference; lastKnownFileType = sourcecode.swift; path = Constants.swift; sourceTree = "<group>"; };
		AF75D11024EEA0B800E0F203 /* BaseViewController.swift */ = {isa = PBXFileReference; lastKnownFileType = sourcecode.swift; path = BaseViewController.swift; sourceTree = "<group>"; };
		AF75D11324EEC4DA00E0F203 /* MessagesViewController.swift */ = {isa = PBXFileReference; lastKnownFileType = sourcecode.swift; path = MessagesViewController.swift; sourceTree = "<group>"; };
		AF75D11D24EFBAF400E0F203 /* Message+CoreDataClass.swift */ = {isa = PBXFileReference; lastKnownFileType = sourcecode.swift; path = "Message+CoreDataClass.swift"; sourceTree = "<group>"; };
		AF75D11E24EFBAF400E0F203 /* Message+CoreDataProperties.swift */ = {isa = PBXFileReference; lastKnownFileType = sourcecode.swift; path = "Message+CoreDataProperties.swift"; sourceTree = "<group>"; };
		AF75D11F24EFBAF400E0F203 /* Friend+CoreDataClass.swift */ = {isa = PBXFileReference; lastKnownFileType = sourcecode.swift; path = "Friend+CoreDataClass.swift"; sourceTree = "<group>"; };
		AF75D12024EFBAF400E0F203 /* Friend+CoreDataProperties.swift */ = {isa = PBXFileReference; lastKnownFileType = sourcecode.swift; path = "Friend+CoreDataProperties.swift"; sourceTree = "<group>"; };
		AFE8655724EFDD3200EE97AD /* DataStore.swift */ = {isa = PBXFileReference; lastKnownFileType = sourcecode.swift; path = DataStore.swift; sourceTree = "<group>"; };
/* End PBXFileReference section */

/* Begin PBXFrameworksBuildPhase section */
		AF75D0D824EE592000E0F203 /* Frameworks */ = {
			isa = PBXFrameworksBuildPhase;
			buildActionMask = 2147483647;
			files = (
				9D175E8EA5F20B282F06A64C /* Pods_Echo_chat.framework in Frameworks */,
			);
			runOnlyForDeploymentPostprocessing = 0;
		};
/* End PBXFrameworksBuildPhase section */

/* Begin PBXGroup section */
		AF75D0D224EE592000E0F203 = {
			isa = PBXGroup;
			children = (
				AF75D0DD24EE592000E0F203 /* Echo-chat */,
				AF75D0DC24EE592000E0F203 /* Products */,
				C217A4DC6D72BFEC17E09BF0 /* Pods */,
				FF36E0C66C7BB1F0551B40DF /* Frameworks */,
			);
			sourceTree = "<group>";
		};
		AF75D0DC24EE592000E0F203 /* Products */ = {
			isa = PBXGroup;
			children = (
				AF75D0DB24EE592000E0F203 /* Echo-chat.app */,
			);
			name = Products;
			sourceTree = "<group>";
		};
		AF75D0DD24EE592000E0F203 /* Echo-chat */ = {
			isa = PBXGroup;
			children = (
				AF75D11C24EFBA9800E0F203 /* App Classes */,
				AF75D10F24EEA08600E0F203 /* Extensions */,
				AF75D0F924EE5B5F00E0F203 /* Managers */,
				AF75D0FA24EE5C5500E0F203 /* App Delegates */,
				AF75D10824EE9C0600E0F203 /* Resources */,
				AF75D0EA24EE592100E0F203 /* Assets.xcassets */,
				AF75D0EF24EE592100E0F203 /* Info.plist */,
				AF75D0E724EE592000E0F203 /* Echo_chat.xcdatamodeld */,
			);
			path = "Echo-chat";
			sourceTree = "<group>";
		};
		AF75D0F524EE5B1900E0F203 /* Models */ = {
			isa = PBXGroup;
			children = (
				AF75D11D24EFBAF400E0F203 /* Message+CoreDataClass.swift */,
				AF75D11E24EFBAF400E0F203 /* Message+CoreDataProperties.swift */,
				AF75D11F24EFBAF400E0F203 /* Friend+CoreDataClass.swift */,
				AF75D12024EFBAF400E0F203 /* Friend+CoreDataProperties.swift */,
			);
			path = Models;
			sourceTree = "<group>";
		};
		AF75D0F624EE5B3200E0F203 /* View Models */ = {
			isa = PBXGroup;
			children = (
				AF75D10424EE9B0D00E0F203 /* MessagesViewModel.swift */,
			);
			path = "View Models";
			sourceTree = "<group>";
		};
		AF75D0F724EE5B3900E0F203 /* View Controllers */ = {
			isa = PBXGroup;
			children = (
				AF75D11224EEA31800E0F203 /* Base */,
				AF75D11324EEC4DA00E0F203 /* MessagesViewController.swift */,
			);
			path = "View Controllers";
			sourceTree = "<group>";
		};
		AF75D0F824EE5B4300E0F203 /* Storyboards */ = {
			isa = PBXGroup;
			children = (
				AF75D0EC24EE592100E0F203 /* LaunchScreen.storyboard */,
				AF75D0E424EE592000E0F203 /* Main.storyboard */,
			);
			path = Storyboards;
			sourceTree = "<group>";
		};
		AF75D0F924EE5B5F00E0F203 /* Managers */ = {
			isa = PBXGroup;
			children = (
				AFE8655724EFDD3200EE97AD /* DataStore.swift */,
			);
			path = Managers;
			sourceTree = "<group>";
		};
		AF75D0FA24EE5C5500E0F203 /* App Delegates */ = {
			isa = PBXGroup;
			children = (
				AF75D0E024EE592000E0F203 /* SceneDelegate.swift */,
				AF75D0DE24EE592000E0F203 /* AppDelegate.swift */,
			);
			path = "App Delegates";
			sourceTree = "<group>";
		};
		AF75D0FD24EE776300E0F203 /* Views */ = {
			isa = PBXGroup;
			children = (
				AF75D0FE24EE776B00E0F203 /* XIBs */,
				AF75D0FF24EE778400E0F203 /* FriendsListCell.swift */,
			);
			path = Views;
			sourceTree = "<group>";
		};
		AF75D0FE24EE776B00E0F203 /* XIBs */ = {
			isa = PBXGroup;
			children = (
				AF75D10124EE98EC00E0F203 /* FriendsListCell.xib */,
			);
			path = XIBs;
			sourceTree = "<group>";
		};
		AF75D10824EE9C0600E0F203 /* Resources */ = {
			isa = PBXGroup;
			children = (
				AF75D10924EE9C1F00E0F203 /* AppColors.swift */,
				AF75D10B24EE9E8900E0F203 /* AppFonts.swift */,
				AF75D10D24EE9EF300E0F203 /* Constants.swift */,
			);
			path = Resources;
			sourceTree = "<group>";
		};
		AF75D10F24EEA08600E0F203 /* Extensions */ = {
			isa = PBXGroup;
			children = (
			);
			path = Extensions;
			sourceTree = "<group>";
		};
		AF75D11224EEA31800E0F203 /* Base */ = {
			isa = PBXGroup;
			children = (
				AF75D11024EEA0B800E0F203 /* BaseViewController.swift */,
			);
			path = Base;
			sourceTree = "<group>";
		};
		AF75D11C24EFBA9800E0F203 /* App Classes */ = {
			isa = PBXGroup;
			children = (
				AF75D0F524EE5B1900E0F203 /* Models */,
				AF75D0F724EE5B3900E0F203 /* View Controllers */,
				AF75D0F624EE5B3200E0F203 /* View Models */,
				AF75D0FD24EE776300E0F203 /* Views */,
				AF75D0F824EE5B4300E0F203 /* Storyboards */,
			);
			path = "App Classes";
			sourceTree = "<group>";
		};
		C217A4DC6D72BFEC17E09BF0 /* Pods */ = {
			isa = PBXGroup;
			children = (
				5F789101267E03FC2726915F /* Pods-Echo-chat.debug.xcconfig */,
				76D655E839B21E9E9FF5FAB5 /* Pods-Echo-chat.release.xcconfig */,
			);
			path = Pods;
			sourceTree = "<group>";
		};
		FF36E0C66C7BB1F0551B40DF /* Frameworks */ = {
			isa = PBXGroup;
			children = (
				561ED4C9F256DE2801AC73E7 /* Pods_Echo_chat.framework */,
			);
			name = Frameworks;
			sourceTree = "<group>";
		};
/* End PBXGroup section */

/* Begin PBXNativeTarget section */
		AF75D0DA24EE592000E0F203 /* Echo-chat */ = {
			isa = PBXNativeTarget;
			buildConfigurationList = AF75D0F224EE592100E0F203 /* Build configuration list for PBXNativeTarget "Echo-chat" */;
			buildPhases = (
				A3408F34F955E6A318F4D740 /* [CP] Check Pods Manifest.lock */,
				AF75D0D724EE592000E0F203 /* Sources */,
				AF75D0D824EE592000E0F203 /* Frameworks */,
				AF75D0D924EE592000E0F203 /* Resources */,
				765AAE620CE011ABEB21A368 /* [CP] Embed Pods Frameworks */,
			);
			buildRules = (
			);
			dependencies = (
			);
			name = "Echo-chat";
			productName = "Echo-chat";
			productReference = AF75D0DB24EE592000E0F203 /* Echo-chat.app */;
			productType = "com.apple.product-type.application";
		};
/* End PBXNativeTarget section */

/* Begin PBXProject section */
		AF75D0D324EE592000E0F203 /* Project object */ = {
			isa = PBXProject;
			attributes = {
				LastSwiftUpdateCheck = 1160;
				LastUpgradeCheck = 1160;
				ORGANIZATIONNAME = Obada;
				TargetAttributes = {
					AF75D0DA24EE592000E0F203 = {
						CreatedOnToolsVersion = 11.6;
					};
				};
			};
			buildConfigurationList = AF75D0D624EE592000E0F203 /* Build configuration list for PBXProject "Echo-chat" */;
			compatibilityVersion = "Xcode 9.3";
			developmentRegion = en;
			hasScannedForEncodings = 0;
			knownRegions = (
				en,
				Base,
			);
			mainGroup = AF75D0D224EE592000E0F203;
			productRefGroup = AF75D0DC24EE592000E0F203 /* Products */;
			projectDirPath = "";
			projectRoot = "";
			targets = (
				AF75D0DA24EE592000E0F203 /* Echo-chat */,
			);
		};
/* End PBXProject section */

/* Begin PBXResourcesBuildPhase section */
		AF75D0D924EE592000E0F203 /* Resources */ = {
			isa = PBXResourcesBuildPhase;
			buildActionMask = 2147483647;
			files = (
				AF75D0EE24EE592100E0F203 /* LaunchScreen.storyboard in Resources */,
				AF75D0EB24EE592100E0F203 /* Assets.xcassets in Resources */,
				AF75D0E624EE592000E0F203 /* Main.storyboard in Resources */,
				AF75D10224EE98EC00E0F203 /* FriendsListCell.xib in Resources */,
			);
			runOnlyForDeploymentPostprocessing = 0;
		};
/* End PBXResourcesBuildPhase section */

/* Begin PBXShellScriptBuildPhase section */
		765AAE620CE011ABEB21A368 /* [CP] Embed Pods Frameworks */ = {
			isa = PBXShellScriptBuildPhase;
			buildActionMask = 2147483647;
			files = (
			);
			inputFileListPaths = (
				"${PODS_ROOT}/Target Support Files/Pods-Echo-chat/Pods-Echo-chat-frameworks-${CONFIGURATION}-input-files.xcfilelist",
			);
			name = "[CP] Embed Pods Frameworks";
			outputFileListPaths = (
				"${PODS_ROOT}/Target Support Files/Pods-Echo-chat/Pods-Echo-chat-frameworks-${CONFIGURATION}-output-files.xcfilelist",
			);
			runOnlyForDeploymentPostprocessing = 0;
			shellPath = /bin/sh;
			shellScript = "\"${PODS_ROOT}/Target Support Files/Pods-Echo-chat/Pods-Echo-chat-frameworks.sh\"\n";
			showEnvVarsInLog = 0;
		};
		A3408F34F955E6A318F4D740 /* [CP] Check Pods Manifest.lock */ = {
			isa = PBXShellScriptBuildPhase;
			buildActionMask = 2147483647;
			files = (
			);
			inputFileListPaths = (
			);
			inputPaths = (
				"${PODS_PODFILE_DIR_PATH}/Podfile.lock",
				"${PODS_ROOT}/Manifest.lock",
			);
			name = "[CP] Check Pods Manifest.lock";
			outputFileListPaths = (
			);
			outputPaths = (
				"$(DERIVED_FILE_DIR)/Pods-Echo-chat-checkManifestLockResult.txt",
			);
			runOnlyForDeploymentPostprocessing = 0;
			shellPath = /bin/sh;
			shellScript = "diff \"${PODS_PODFILE_DIR_PATH}/Podfile.lock\" \"${PODS_ROOT}/Manifest.lock\" > /dev/null\nif [ $? != 0 ] ; then\n    # print error to STDERR\n    echo \"error: The sandbox is not in sync with the Podfile.lock. Run 'pod install' or update your CocoaPods installation.\" >&2\n    exit 1\nfi\n# This output is used by Xcode 'outputs' to avoid re-running this script phase.\necho \"SUCCESS\" > \"${SCRIPT_OUTPUT_FILE_0}\"\n";
			showEnvVarsInLog = 0;
		};
/* End PBXShellScriptBuildPhase section */

/* Begin PBXSourcesBuildPhase section */
		AF75D0D724EE592000E0F203 /* Sources */ = {
			isa = PBXSourcesBuildPhase;
			buildActionMask = 2147483647;
			files = (
				AF75D10024EE778400E0F203 /* FriendsListCell.swift in Sources */,
				AF75D0E924EE592000E0F203 /* Echo_chat.xcdatamodeld in Sources */,
				AF75D12224EFBAF400E0F203 /* Message+CoreDataProperties.swift in Sources */,
				AF75D0DF24EE592000E0F203 /* AppDelegate.swift in Sources */,
				AF75D11124EEA0B800E0F203 /* BaseViewController.swift in Sources */,
				AF75D10C24EE9E8900E0F203 /* AppFonts.swift in Sources */,
				AF75D10A24EE9C1F00E0F203 /* AppColors.swift in Sources */,
				AF75D11424EEC4DA00E0F203 /* MessagesViewController.swift in Sources */,
				AF75D10524EE9B0D00E0F203 /* MessagesViewModel.swift in Sources */,
				AF75D0E124EE592000E0F203 /* SceneDelegate.swift in Sources */,
				AF75D12124EFBAF400E0F203 /* Message+CoreDataClass.swift in Sources */,
				AF75D12324EFBAF400E0F203 /* Friend+CoreDataClass.swift in Sources */,
				AF75D10E24EE9EF300E0F203 /* Constants.swift in Sources */,
				AFE8655824EFDD3200EE97AD /* DataStore.swift in Sources */,
				AF75D12424EFBAF400E0F203 /* Friend+CoreDataProperties.swift in Sources */,
			);
			runOnlyForDeploymentPostprocessing = 0;
		};
/* End PBXSourcesBuildPhase section */

/* Begin PBXVariantGroup section */
		AF75D0E424EE592000E0F203 /* Main.storyboard */ = {
			isa = PBXVariantGroup;
			children = (
				AF75D0E524EE592000E0F203 /* Base */,
			);
			name = Main.storyboard;
			sourceTree = "<group>";
		};
		AF75D0EC24EE592100E0F203 /* LaunchScreen.storyboard */ = {
			isa = PBXVariantGroup;
			children = (
				AF75D0ED24EE592100E0F203 /* Base */,
			);
			name = LaunchScreen.storyboard;
			sourceTree = "<group>";
		};
/* End PBXVariantGroup section */

/* Begin XCBuildConfiguration section */
		AF75D0F024EE592100E0F203 /* Debug */ = {
			isa = XCBuildConfiguration;
			buildSettings = {
				ALWAYS_SEARCH_USER_PATHS = NO;
				CLANG_ANALYZER_NONNULL = YES;
				CLANG_ANALYZER_NUMBER_OBJECT_CONVERSION = YES_AGGRESSIVE;
				CLANG_CXX_LANGUAGE_STANDARD = "gnu++14";
				CLANG_CXX_LIBRARY = "libc++";
				CLANG_ENABLE_MODULES = YES;
				CLANG_ENABLE_OBJC_ARC = YES;
				CLANG_ENABLE_OBJC_WEAK = YES;
				CLANG_WARN_BLOCK_CAPTURE_AUTORELEASING = YES;
				CLANG_WARN_BOOL_CONVERSION = YES;
				CLANG_WARN_COMMA = YES;
				CLANG_WARN_CONSTANT_CONVERSION = YES;
				CLANG_WARN_DEPRECATED_OBJC_IMPLEMENTATIONS = YES;
				CLANG_WARN_DIRECT_OBJC_ISA_USAGE = YES_ERROR;
				CLANG_WARN_DOCUMENTATION_COMMENTS = YES;
				CLANG_WARN_EMPTY_BODY = YES;
				CLANG_WARN_ENUM_CONVERSION = YES;
				CLANG_WARN_INFINITE_RECURSION = YES;
				CLANG_WARN_INT_CONVERSION = YES;
				CLANG_WARN_NON_LITERAL_NULL_CONVERSION = YES;
				CLANG_WARN_OBJC_IMPLICIT_RETAIN_SELF = YES;
				CLANG_WARN_OBJC_LITERAL_CONVERSION = YES;
				CLANG_WARN_OBJC_ROOT_CLASS = YES_ERROR;
				CLANG_WARN_RANGE_LOOP_ANALYSIS = YES;
				CLANG_WARN_STRICT_PROTOTYPES = YES;
				CLANG_WARN_SUSPICIOUS_MOVE = YES;
				CLANG_WARN_UNGUARDED_AVAILABILITY = YES_AGGRESSIVE;
				CLANG_WARN_UNREACHABLE_CODE = YES;
				CLANG_WARN__DUPLICATE_METHOD_MATCH = YES;
				COPY_PHASE_STRIP = NO;
				DEBUG_INFORMATION_FORMAT = dwarf;
				ENABLE_STRICT_OBJC_MSGSEND = YES;
				ENABLE_TESTABILITY = YES;
				GCC_C_LANGUAGE_STANDARD = gnu11;
				GCC_DYNAMIC_NO_PIC = NO;
				GCC_NO_COMMON_BLOCKS = YES;
				GCC_OPTIMIZATION_LEVEL = 0;
				GCC_PREPROCESSOR_DEFINITIONS = (
					"DEBUG=1",
					"$(inherited)",
				);
				GCC_WARN_64_TO_32_BIT_CONVERSION = YES;
				GCC_WARN_ABOUT_RETURN_TYPE = YES_ERROR;
				GCC_WARN_UNDECLARED_SELECTOR = YES;
				GCC_WARN_UNINITIALIZED_AUTOS = YES_AGGRESSIVE;
				GCC_WARN_UNUSED_FUNCTION = YES;
				GCC_WARN_UNUSED_VARIABLE = YES;
				IPHONEOS_DEPLOYMENT_TARGET = 13.6;
				MTL_ENABLE_DEBUG_INFO = INCLUDE_SOURCE;
				MTL_FAST_MATH = YES;
				ONLY_ACTIVE_ARCH = YES;
				SDKROOT = iphoneos;
				SWIFT_ACTIVE_COMPILATION_CONDITIONS = DEBUG;
				SWIFT_OPTIMIZATION_LEVEL = "-Onone";
			};
			name = Debug;
		};
		AF75D0F124EE592100E0F203 /* Release */ = {
			isa = XCBuildConfiguration;
			buildSettings = {
				ALWAYS_SEARCH_USER_PATHS = NO;
				CLANG_ANALYZER_NONNULL = YES;
				CLANG_ANALYZER_NUMBER_OBJECT_CONVERSION = YES_AGGRESSIVE;
				CLANG_CXX_LANGUAGE_STANDARD = "gnu++14";
				CLANG_CXX_LIBRARY = "libc++";
				CLANG_ENABLE_MODULES = YES;
				CLANG_ENABLE_OBJC_ARC = YES;
				CLANG_ENABLE_OBJC_WEAK = YES;
				CLANG_WARN_BLOCK_CAPTURE_AUTORELEASING = YES;
				CLANG_WARN_BOOL_CONVERSION = YES;
				CLANG_WARN_COMMA = YES;
				CLANG_WARN_CONSTANT_CONVERSION = YES;
				CLANG_WARN_DEPRECATED_OBJC_IMPLEMENTATIONS = YES;
				CLANG_WARN_DIRECT_OBJC_ISA_USAGE = YES_ERROR;
				CLANG_WARN_DOCUMENTATION_COMMENTS = YES;
				CLANG_WARN_EMPTY_BODY = YES;
				CLANG_WARN_ENUM_CONVERSION = YES;
				CLANG_WARN_INFINITE_RECURSION = YES;
				CLANG_WARN_INT_CONVERSION = YES;
				CLANG_WARN_NON_LITERAL_NULL_CONVERSION = YES;
				CLANG_WARN_OBJC_IMPLICIT_RETAIN_SELF = YES;
				CLANG_WARN_OBJC_LITERAL_CONVERSION = YES;
				CLANG_WARN_OBJC_ROOT_CLASS = YES_ERROR;
				CLANG_WARN_RANGE_LOOP_ANALYSIS = YES;
				CLANG_WARN_STRICT_PROTOTYPES = YES;
				CLANG_WARN_SUSPICIOUS_MOVE = YES;
				CLANG_WARN_UNGUARDED_AVAILABILITY = YES_AGGRESSIVE;
				CLANG_WARN_UNREACHABLE_CODE = YES;
				CLANG_WARN__DUPLICATE_METHOD_MATCH = YES;
				COPY_PHASE_STRIP = NO;
				DEBUG_INFORMATION_FORMAT = "dwarf-with-dsym";
				ENABLE_NS_ASSERTIONS = NO;
				ENABLE_STRICT_OBJC_MSGSEND = YES;
				GCC_C_LANGUAGE_STANDARD = gnu11;
				GCC_NO_COMMON_BLOCKS = YES;
				GCC_WARN_64_TO_32_BIT_CONVERSION = YES;
				GCC_WARN_ABOUT_RETURN_TYPE = YES_ERROR;
				GCC_WARN_UNDECLARED_SELECTOR = YES;
				GCC_WARN_UNINITIALIZED_AUTOS = YES_AGGRESSIVE;
				GCC_WARN_UNUSED_FUNCTION = YES;
				GCC_WARN_UNUSED_VARIABLE = YES;
				IPHONEOS_DEPLOYMENT_TARGET = 13.6;
				MTL_ENABLE_DEBUG_INFO = NO;
				MTL_FAST_MATH = YES;
				SDKROOT = iphoneos;
				SWIFT_COMPILATION_MODE = wholemodule;
				SWIFT_OPTIMIZATION_LEVEL = "-O";
				VALIDATE_PRODUCT = YES;
			};
			name = Release;
		};
		AF75D0F324EE592100E0F203 /* Debug */ = {
			isa = XCBuildConfiguration;
			baseConfigurationReference = 5F789101267E03FC2726915F /* Pods-Echo-chat.debug.xcconfig */;
			buildSettings = {
				ASSETCATALOG_COMPILER_APPICON_NAME = AppIcon;
				CODE_SIGN_STYLE = Automatic;
				DEVELOPMENT_TEAM = G55Z2K3838;
				INFOPLIST_FILE = "Echo-chat/Info.plist";
				LD_RUNPATH_SEARCH_PATHS = (
					"$(inherited)",
					"@executable_path/Frameworks",
				);
				PRODUCT_BUNDLE_IDENTIFIER = "obada.Echo-chat";
				PRODUCT_NAME = "$(TARGET_NAME)";
				SWIFT_VERSION = 5.0;
				TARGETED_DEVICE_FAMILY = "1,2";
			};
			name = Debug;
		};
		AF75D0F424EE592100E0F203 /* Release */ = {
			isa = XCBuildConfiguration;
			baseConfigurationReference = 76D655E839B21E9E9FF5FAB5 /* Pods-Echo-chat.release.xcconfig */;
			buildSettings = {
				ASSETCATALOG_COMPILER_APPICON_NAME = AppIcon;
				CODE_SIGN_STYLE = Automatic;
				DEVELOPMENT_TEAM = G55Z2K3838;
				INFOPLIST_FILE = "Echo-chat/Info.plist";
				LD_RUNPATH_SEARCH_PATHS = (
					"$(inherited)",
					"@executable_path/Frameworks",
				);
				PRODUCT_BUNDLE_IDENTIFIER = "obada.Echo-chat";
				PRODUCT_NAME = "$(TARGET_NAME)";
				SWIFT_VERSION = 5.0;
				TARGETED_DEVICE_FAMILY = "1,2";
			};
			name = Release;
		};
/* End XCBuildConfiguration section */

/* Begin XCConfigurationList section */
		AF75D0D624EE592000E0F203 /* Build configuration list for PBXProject "Echo-chat" */ = {
			isa = XCConfigurationList;
			buildConfigurations = (
				AF75D0F024EE592100E0F203 /* Debug */,
				AF75D0F124EE592100E0F203 /* Release */,
			);
			defaultConfigurationIsVisible = 0;
			defaultConfigurationName = Release;
		};
		AF75D0F224EE592100E0F203 /* Build configuration list for PBXNativeTarget "Echo-chat" */ = {
			isa = XCConfigurationList;
			buildConfigurations = (
				AF75D0F324EE592100E0F203 /* Debug */,
				AF75D0F424EE592100E0F203 /* Release */,
			);
			defaultConfigurationIsVisible = 0;
			defaultConfigurationName = Release;
		};
/* End XCConfigurationList section */

/* Begin XCVersionGroup section */
		AF75D0E724EE592000E0F203 /* Echo_chat.xcdatamodeld */ = {
			isa = XCVersionGroup;
			children = (
				AF75D0E824EE592000E0F203 /* Echo_chat.xcdatamodel */,
			);
			currentVersion = AF75D0E824EE592000E0F203 /* Echo_chat.xcdatamodel */;
			path = Echo_chat.xcdatamodeld;
			sourceTree = "<group>";
			versionGroupType = wrapper.xcdatamodel;
		};
/* End XCVersionGroup section */
	};
	rootObject = AF75D0D324EE592000E0F203 /* Project object */;
}
