// !$*UTF8*$!
{
	archiveVersion = 1;
	classes = {
	};
	objectVersion = 50;
	objects = {

/* Begin PBXBuildFile section */
		AF75D0DF24EE592000E0F203 /* AppDelegate.swift in Sources */ = {isa = PBXBuildFile; fileRef = AF75D0DE24EE592000E0F203 /* AppDelegate.swift */; };
		AF75D0E124EE592000E0F203 /* SceneDelegate.swift in Sources */ = {isa = PBXBuildFile; fileRef = AF75D0E024EE592000E0F203 /* SceneDelegate.swift */; };
		AF75D0E324EE592000E0F203 /* ViewController.swift in Sources */ = {isa = PBXBuildFile; fileRef = AF75D0E224EE592000E0F203 /* ViewController.swift */; };
		AF75D0E624EE592000E0F203 /* Main.storyboard in Resources */ = {isa = PBXBuildFile; fileRef = AF75D0E424EE592000E0F203 /* Main.storyboard */; };
		AF75D0E924EE592000E0F203 /* Echo_chat.xcdatamodeld in Sources */ = {isa = PBXBuildFile; fileRef = AF75D0E724EE592000E0F203 /* Echo_chat.xcdatamodeld */; };
		AF75D0EB24EE592100E0F203 /* Assets.xcassets in Resources */ = {isa = PBXBuildFile; fileRef = AF75D0EA24EE592100E0F203 /* Assets.xcassets */; };
		AF75D0EE24EE592100E0F203 /* LaunchScreen.storyboard in Resources */ = {isa = PBXBuildFile; fileRef = AF75D0EC24EE592100E0F203 /* LaunchScreen.storyboard */; };
/* End PBXBuildFile section */

/* Begin PBXFileReference section */
		AF75D0DB24EE592000E0F203 /* Echo-chat.app */ = {isa = PBXFileReference; explicitFileType = wrapper.application; includeInIndex = 0; path = "Echo-chat.app"; sourceTree = BUILT_PRODUCTS_DIR; };
		AF75D0DE24EE592000E0F203 /* AppDelegate.swift */ = {isa = PBXFileReference; lastKnownFileType = sourcecode.swift; path = AppDelegate.swift; sourceTree = "<group>"; };
		AF75D0E024EE592000E0F203 /* SceneDelegate.swift */ = {isa = PBXFileReference; lastKnownFileType = sourcecode.swift; path = SceneDelegate.swift; sourceTree = "<group>"; };
		AF75D0E224EE592000E0F203 /* ViewController.swift */ = {isa = PBXFileReference; lastKnownFileType = sourcecode.swift; path = ViewController.swift; sourceTree = "<group>"; };
		AF75D0E524EE592000E0F203 /* Base */ = {isa = PBXFileReference; lastKnownFileType = file.storyboard; name = Base; path = Base.lproj/Main.storyboard; sourceTree = "<group>"; };
		AF75D0E824EE592000E0F203 /* Echo_chat.xcdatamodel */ = {isa = PBXFileReference; lastKnownFileType = wrapper.xcdatamodel; path = Echo_chat.xcdatamodel; sourceTree = "<group>"; };
		AF75D0EA24EE592100E0F203 /* Assets.xcassets */ = {isa = PBXFileReference; lastKnownFileType = folder.assetcatalog; path = Assets.xcassets; sourceTree = "<group>"; };
		AF75D0ED24EE592100E0F203 /* Base */ = {isa = PBXFileReference; lastKnownFileType = file.storyboard; name = Base; path = Base.lproj/LaunchScreen.storyboard; sourceTree = "<group>"; };
		AF75D0EF24EE592100E0F203 /* Info.plist */ = {isa = PBXFileReference; lastKnownFileType = text.plist.xml; path = Info.plist; sourceTree = "<group>"; };
/* End PBXFileReference section */

/* Begin PBXFrameworksBuildPhase section */
		AF75D0D824EE592000E0F203 /* Frameworks */ = {
			isa = PBXFrameworksBuildPhase;
			buildActionMask = 2147483647;
			files = (
			);
			runOnlyForDeploymentPostprocessing = 0;
		};
/* End PBXFrameworksBuildPhase section */

/* Begin PBXGroup section */
		AF75D0D224EE592000E0F203 = {
			isa = PBXGroup;
			children = (
				AF75D0DD24EE592000E0F203 /* Echo-chat */,
				AF75D0DC24EE592000E0F203 /* Products */,
			);
			sourceTree = "<group>";
		};
		AF75D0DC24EE592000E0F203 /* Products */ = {
			isa = PBXGroup;
			children = (
				AF75D0DB24EE592000E0F203 /* Echo-chat.app */,
			);
			name = Products;
			sourceTree = "<group>";
		};
		AF75D0DD24EE592000E0F203 /* Echo-chat */ = {
			isa = PBXGroup;
			children = (
				AF75D0F924EE5B5F00E0F203 /* Managers */,
				AF75D0F824EE5B4300E0F203 /* Storyboards */,
				AF75D0F724EE5B3900E0F203 /* View Controllers */,
				AF75D0F624EE5B3200E0F203 /* View Models */,
				AF75D0F524EE5B1900E0F203 /* Models */,
				AF75D0FA24EE5C5500E0F203 /* App Delegates */,
				AF75D0EA24EE592100E0F203 /* Assets.xcassets */,
				AF75D0EF24EE592100E0F203 /* Info.plist */,
				AF75D0E724EE592000E0F203 /* Echo_chat.xcdatamodeld */,
			);
			path = "Echo-chat";
			sourceTree = "<group>";
		};
		AF75D0F524EE5B1900E0F203 /* Models */ = {
			isa = PBXGroup;
			children = (
			);
			path = Models;
			sourceTree = "<group>";
		};
		AF75D0F624EE5B3200E0F203 /* View Models */ = {
			isa = PBXGroup;
			children = (
			);
			path = "View Models";
			sourceTree = "<group>";
		};
		AF75D0F724EE5B3900E0F203 /* View Controllers */ = {
			isa = PBXGroup;
			children = (
				AF75D0E224EE592000E0F203 /* ViewController.swift */,
			);
			path = "View Controllers";
			sourceTree = "<group>";
		};
		AF75D0F824EE5B4300E0F203 /* Storyboards */ = {
			isa = PBXGroup;
			children = (
				AF75D0EC24EE592100E0F203 /* LaunchScreen.storyboard */,
				AF75D0E424EE592000E0F203 /* Main.storyboard */,
			);
			path = Storyboards;
			sourceTree = "<group>";
		};
		AF75D0F924EE5B5F00E0F203 /* Managers */ = {
			isa = PBXGroup;
			children = (
			);
			path = Managers;
			sourceTree = "<group>";
		};
		AF75D0FA24EE5C5500E0F203 /* App Delegates */ = {
			isa = PBXGroup;
			children = (
				AF75D0E024EE592000E0F203 /* SceneDelegate.swift */,
				AF75D0DE24EE592000E0F203 /* AppDelegate.swift */,
			);
			path = "App Delegates";
			sourceTree = "<group>";
		};
/* End PBXGroup section */

/* Begin PBXNativeTarget section */
		AF75D0DA24EE592000E0F203 /* Echo-chat */ = {
			isa = PBXNativeTarget;
			buildConfigurationList = AF75D0F224EE592100E0F203 /* Build configuration list for PBXNativeTarget "Echo-chat" */;
			buildPhases = (
				AF75D0D724EE592000E0F203 /* Sources */,
				AF75D0D824EE592000E0F203 /* Frameworks */,
				AF75D0D924EE592000E0F203 /* Resources */,
			);
			buildRules = (
			);
			dependencies = (
			);
			name = "Echo-chat";
			productName = "Echo-chat";
			productReference = AF75D0DB24EE592000E0F203 /* Echo-chat.app */;
			productType = "com.apple.product-type.application";
		};
/* End PBXNativeTarget section */

/* Begin PBXProject section */
		AF75D0D324EE592000E0F203 /* Project object */ = {
			isa = PBXProject;
			attributes = {
				LastSwiftUpdateCheck = 1160;
				LastUpgradeCheck = 1160;
				ORGANIZATIONNAME = Obada;
				TargetAttributes = {
					AF75D0DA24EE592000E0F203 = {
						CreatedOnToolsVersion = 11.6;
					};
				};
			};
			buildConfigurationList = AF75D0D624EE592000E0F203 /* Build configuration list for PBXProject "Echo-chat" */;
			compatibilityVersion = "Xcode 9.3";
			developmentRegion = en;
			hasScannedForEncodings = 0;
			knownRegions = (
				en,
				Base,
			);
			mainGroup = AF75D0D224EE592000E0F203;
			productRefGroup = AF75D0DC24EE592000E0F203 /* Products */;
			projectDirPath = "";
			projectRoot = "";
			targets = (
				AF75D0DA24EE592000E0F203 /* Echo-chat */,
			);
		};
/* End PBXProject section */

/* Begin PBXResourcesBuildPhase section */
		AF75D0D924EE592000E0F203 /* Resources */ = {
			isa = PBXResourcesBuildPhase;
			buildActionMask = 2147483647;
			files = (
				AF75D0EE24EE592100E0F203 /* LaunchScreen.storyboard in Resources */,
				AF75D0EB24EE592100E0F203 /* Assets.xcassets in Resources */,
				AF75D0E624EE592000E0F203 /* Main.storyboard in Resources */,
			);
			runOnlyForDeploymentPostprocessing = 0;
		};
/* End PBXResourcesBuildPhase section */

/* Begin PBXSourcesBuildPhase section */
		AF75D0D724EE592000E0F203 /* Sources */ = {
			isa = PBXSourcesBuildPhase;
			buildActionMask = 2147483647;
			files = (
				AF75D0E924EE592000E0F203 /* Echo_chat.xcdatamodeld in Sources */,
				AF75D0E324EE592000E0F203 /* ViewController.swift in Sources */,
				AF75D0DF24EE592000E0F203 /* AppDelegate.swift in Sources */,
				AF75D0E124EE592000E0F203 /* SceneDelegate.swift in Sources */,
			);
			runOnlyForDeploymentPostprocessing = 0;
		};
/* End PBXSourcesBuildPhase section */

/* Begin PBXVariantGroup section */
		AF75D0E424EE592000E0F203 /* Main.storyboard */ = {
			isa = PBXVariantGroup;
			children = (
				AF75D0E524EE592000E0F203 /* Base */,
			);
			name = Main.storyboard;
			sourceTree = "<group>";
		};
		AF75D0EC24EE592100E0F203 /* LaunchScreen.storyboard */ = {
			isa = PBXVariantGroup;
			children = (
				AF75D0ED24EE592100E0F203 /* Base */,
			);
			name = LaunchScreen.storyboard;
			sourceTree = "<group>";
		};
/* End PBXVariantGroup section */

/* Begin XCBuildConfiguration section */
		AF75D0F024EE592100E0F203 /* Debug */ = {
			isa = XCBuildConfiguration;
			buildSettings = {
				ALWAYS_SEARCH_USER_PATHS = NO;
				CLANG_ANALYZER_NONNULL = YES;
				CLANG_ANALYZER_NUMBER_OBJECT_CONVERSION = YES_AGGRESSIVE;
				CLANG_CXX_LANGUAGE_STANDARD = "gnu++14";
				CLANG_CXX_LIBRARY = "libc++";
				CLANG_ENABLE_MODULES = YES;
				CLANG_ENABLE_OBJC_ARC = YES;
				CLANG_ENABLE_OBJC_WEAK = YES;
				CLANG_WARN_BLOCK_CAPTURE_AUTORELEASING = YES;
				CLANG_WARN_BOOL_CONVERSION = YES;
				CLANG_WARN_COMMA = YES;
				CLANG_WARN_CONSTANT_CONVERSION = YES;
				CLANG_WARN_DEPRECATED_OBJC_IMPLEMENTATIONS = YES;
				CLANG_WARN_DIRECT_OBJC_ISA_USAGE = YES_ERROR;
				CLANG_WARN_DOCUMENTATION_COMMENTS = YES;
				CLANG_WARN_EMPTY_BODY = YES;
				CLANG_WARN_ENUM_CONVERSION = YES;
				CLANG_WARN_INFINITE_RECURSION = YES;
				CLANG_WARN_INT_CONVERSION = YES;
				CLANG_WARN_NON_LITERAL_NULL_CONVERSION = YES;
				CLANG_WARN_OBJC_IMPLICIT_RETAIN_SELF = YES;
				CLANG_WARN_OBJC_LITERAL_CONVERSION = YES;
				CLANG_WARN_OBJC_ROOT_CLASS = YES_ERROR;
				CLANG_WARN_RANGE_LOOP_ANALYSIS = YES;
				CLANG_WARN_STRICT_PROTOTYPES = YES;
				CLANG_WARN_SUSPICIOUS_MOVE = YES;
				CLANG_WARN_UNGUARDED_AVAILABILITY = YES_AGGRESSIVE;
				CLANG_WARN_UNREACHABLE_CODE = YES;
				CLANG_WARN__DUPLICATE_METHOD_MATCH = YES;
				COPY_PHASE_STRIP = NO;
				DEBUG_INFORMATION_FORMAT = dwarf;
				ENABLE_STRICT_OBJC_MSGSEND = YES;
				ENABLE_TESTABILITY = YES;
				GCC_C_LANGUAGE_STANDARD = gnu11;
				GCC_DYNAMIC_NO_PIC = NO;
				GCC_NO_COMMON_BLOCKS = YES;
				GCC_OPTIMIZATION_LEVEL = 0;
				GCC_PREPROCESSOR_DEFINITIONS = (
					"DEBUG=1",
					"$(inherited)",
				);
				GCC_WARN_64_TO_32_BIT_CONVERSION = YES;
				GCC_WARN_ABOUT_RETURN_TYPE = YES_ERROR;
				GCC_WARN_UNDECLARED_SELECTOR = YES;
				GCC_WARN_UNINITIALIZED_AUTOS = YES_AGGRESSIVE;
				GCC_WARN_UNUSED_FUNCTION = YES;
				GCC_WARN_UNUSED_VARIABLE = YES;
				IPHONEOS_DEPLOYMENT_TARGET = 13.6;
				MTL_ENABLE_DEBUG_INFO = INCLUDE_SOURCE;
				MTL_FAST_MATH = YES;
				ONLY_ACTIVE_ARCH = YES;
				SDKROOT = iphoneos;
				SWIFT_ACTIVE_COMPILATION_CONDITIONS = DEBUG;
				SWIFT_OPTIMIZATION_LEVEL = "-Onone";
			};
			name = Debug;
		};
		AF75D0F124EE592100E0F203 /* Release */ = {
			isa = XCBuildConfiguration;
			buildSettings = {
				ALWAYS_SEARCH_USER_PATHS = NO;
				CLANG_ANALYZER_NONNULL = YES;
				CLANG_ANALYZER_NUMBER_OBJECT_CONVERSION = YES_AGGRESSIVE;
				CLANG_CXX_LANGUAGE_STANDARD = "gnu++14";
				CLANG_CXX_LIBRARY = "libc++";
				CLANG_ENABLE_MODULES = YES;
				CLANG_ENABLE_OBJC_ARC = YES;
				CLANG_ENABLE_OBJC_WEAK = YES;
				CLANG_WARN_BLOCK_CAPTURE_AUTORELEASING = YES;
				CLANG_WARN_BOOL_CONVERSION = YES;
				CLANG_WARN_COMMA = YES;
				CLANG_WARN_CONSTANT_CONVERSION = YES;
				CLANG_WARN_DEPRECATED_OBJC_IMPLEMENTATIONS = YES;
				CLANG_WARN_DIRECT_OBJC_ISA_USAGE = YES_ERROR;
				CLANG_WARN_DOCUMENTATION_COMMENTS = YES;
				CLANG_WARN_EMPTY_BODY = YES;
				CLANG_WARN_ENUM_CONVERSION = YES;
				CLANG_WARN_INFINITE_RECURSION = YES;
				CLANG_WARN_INT_CONVERSION = YES;
				CLANG_WARN_NON_LITERAL_NULL_CONVERSION = YES;
				CLANG_WARN_OBJC_IMPLICIT_RETAIN_SELF = YES;
				CLANG_WARN_OBJC_LITERAL_CONVERSION = YES;
				CLANG_WARN_OBJC_ROOT_CLASS = YES_ERROR;
				CLANG_WARN_RANGE_LOOP_ANALYSIS = YES;
				CLANG_WARN_STRICT_PROTOTYPES = YES;
				CLANG_WARN_SUSPICIOUS_MOVE = YES;
				CLANG_WARN_UNGUARDED_AVAILABILITY = YES_AGGRESSIVE;
				CLANG_WARN_UNREACHABLE_CODE = YES;
				CLANG_WARN__DUPLICATE_METHOD_MATCH = YES;
				COPY_PHASE_STRIP = NO;
				DEBUG_INFORMATION_FORMAT = "dwarf-with-dsym";
				ENABLE_NS_ASSERTIONS = NO;
				ENABLE_STRICT_OBJC_MSGSEND = YES;
				GCC_C_LANGUAGE_STANDARD = gnu11;
				GCC_NO_COMMON_BLOCKS = YES;
				GCC_WARN_64_TO_32_BIT_CONVERSION = YES;
				GCC_WARN_ABOUT_RETURN_TYPE = YES_ERROR;
				GCC_WARN_UNDECLARED_SELECTOR = YES;
				GCC_WARN_UNINITIALIZED_AUTOS = YES_AGGRESSIVE;
				GCC_WARN_UNUSED_FUNCTION = YES;
				GCC_WARN_UNUSED_VARIABLE = YES;
				IPHONEOS_DEPLOYMENT_TARGET = 13.6;
				MTL_ENABLE_DEBUG_INFO = NO;
				MTL_FAST_MATH = YES;
				SDKROOT = iphoneos;
				SWIFT_COMPILATION_MODE = wholemodule;
				SWIFT_OPTIMIZATION_LEVEL = "-O";
				VALIDATE_PRODUCT = YES;
			};
			name = Release;
		};
		AF75D0F324EE592100E0F203 /* Debug */ = {
			isa = XCBuildConfiguration;
			buildSettings = {
				ASSETCATALOG_COMPILER_APPICON_NAME = AppIcon;
				CODE_SIGN_STYLE = Automatic;
				DEVELOPMENT_TEAM = G55Z2K3838;
				INFOPLIST_FILE = "Echo-chat/Info.plist";
				LD_RUNPATH_SEARCH_PATHS = (
					"$(inherited)",
					"@executable_path/Frameworks",
				);
				PRODUCT_BUNDLE_IDENTIFIER = "obada.Echo-chat";
				PRODUCT_NAME = "$(TARGET_NAME)";
				SWIFT_VERSION = 5.0;
				TARGETED_DEVICE_FAMILY = "1,2";
			};
			name = Debug;
		};
		AF75D0F424EE592100E0F203 /* Release */ = {
			isa = XCBuildConfiguration;
			buildSettings = {
				ASSETCATALOG_COMPILER_APPICON_NAME = AppIcon;
				CODE_SIGN_STYLE = Automatic;
				DEVELOPMENT_TEAM = G55Z2K3838;
				INFOPLIST_FILE = "Echo-chat/Info.plist";
				LD_RUNPATH_SEARCH_PATHS = (
					"$(inherited)",
					"@executable_path/Frameworks",
				);
				PRODUCT_BUNDLE_IDENTIFIER = "obada.Echo-chat";
				PRODUCT_NAME = "$(TARGET_NAME)";
				SWIFT_VERSION = 5.0;
				TARGETED_DEVICE_FAMILY = "1,2";
			};
			name = Release;
		};
/* End XCBuildConfiguration section */

/* Begin XCConfigurationList section */
		AF75D0D624EE592000E0F203 /* Build configuration list for PBXProject "Echo-chat" */ = {
			isa = XCConfigurationList;
			buildConfigurations = (
				AF75D0F024EE592100E0F203 /* Debug */,
				AF75D0F124EE592100E0F203 /* Release */,
			);
			defaultConfigurationIsVisible = 0;
			defaultConfigurationName = Release;
		};
		AF75D0F224EE592100E0F203 /* Build configuration list for PBXNativeTarget "Echo-chat" */ = {
			isa = XCConfigurationList;
			buildConfigurations = (
				AF75D0F324EE592100E0F203 /* Debug */,
				AF75D0F424EE592100E0F203 /* Release */,
			);
			defaultConfigurationIsVisible = 0;
			defaultConfigurationName = Release;
		};
/* End XCConfigurationList section */

/* Begin XCVersionGroup section */
		AF75D0E724EE592000E0F203 /* Echo_chat.xcdatamodeld */ = {
			isa = XCVersionGroup;
			children = (
				AF75D0E824EE592000E0F203 /* Echo_chat.xcdatamodel */,
			);
			currentVersion = AF75D0E824EE592000E0F203 /* Echo_chat.xcdatamodel */;
			path = Echo_chat.xcdatamodeld;
			sourceTree = "<group>";
			versionGroupType = wrapper.xcdatamodel;
		};
/* End XCVersionGroup section */
	};
	rootObject = AF75D0D324EE592000E0F203 /* Project object */;
}
